// !$*UTF8*$!
{
	archiveVersion = 1;
	classes = {
	};
	objectVersion = 46;
	objects = {

/* Begin PBXBuildFile section */
		080449AD1C22C0DD00CE3ADC /* main.cpp in Sources */ = {isa = PBXBuildFile; fileRef = 080449AC1C22C0DD00CE3ADC /* main.cpp */; };
/* End PBXBuildFile section */

/* Begin PBXCopyFilesBuildPhase section */
		080449A71C22C0DD00CE3ADC /* CopyFiles */ = {
			isa = PBXCopyFilesBuildPhase;
			buildActionMask = 2147483647;
			dstPath = /usr/share/man/man1/;
			dstSubfolderSpec = 0;
			files = (
			);
			runOnlyForDeploymentPostprocessing = 1;
		};
/* End PBXCopyFilesBuildPhase section */

/* Begin PBXFileReference section */
		080449A91C22C0DD00CE3ADC /* algorithm_006_zigzagConvert */ = {isa = PBXFileReference; explicitFileType = "compiled.mach-o.executable"; includeInIndex = 0; path = algorithm_006_zigzagConvert; sourceTree = BUILT_PRODUCTS_DIR; };
		080449AC1C22C0DD00CE3ADC /* main.cpp */ = {isa = PBXFileReference; lastKnownFileType = sourcecode.cpp.cpp; path = main.cpp; sourceTree = "<group>"; };
/* End PBXFileReference section */

/* Begin PBXFrameworksBuildPhase section */
		080449A61C22C0DD00CE3ADC /* Frameworks */ = {
			isa = PBXFrameworksBuildPhase;
			buildActionMask = 2147483647;
			files = (
			);
			runOnlyForDeploymentPostprocessing = 0;
		};
/* End PBXFrameworksBuildPhase section */

/* Begin PBXGroup section */
		080449A01C22C0DD00CE3ADC = {
			isa = PBXGroup;
			children = (
				080449AB1C22C0DD00CE3ADC /* algorithm_006_zigzagConvert */,
				080449AA1C22C0DD00CE3ADC /* Products */,
			);
			sourceTree = "<group>";
		};
		080449AA1C22C0DD00CE3ADC /* Products */ = {
			isa = PBXGroup;
			children = (
				080449A91C22C0DD00CE3ADC /* algorithm_006_zigzagConvert */,
			);
			name = Products;
			sourceTree = "<group>";
		};
		080449AB1C22C0DD00CE3ADC /* algorithm_006_zigzagConvert */ = {
			isa = PBXGroup;
			children = (
				080449AC1C22C0DD00CE3ADC /* main.cpp */,
			);
			path = algorithm_006_zigzagConvert;
			sourceTree = "<group>";
		};
/* End PBXGroup section */

/* Begin PBXNativeTarget section */
		080449A81C22C0DD00CE3ADC /* algorithm_006_zigzagConvert */ = {
			isa = PBXNativeTarget;
			buildConfigurationList = 080449B01C22C0DD00CE3ADC /* Build configuration list for PBXNativeTarget "algorithm_006_zigzagConvert" */;
			buildPhases = (
				080449A51C22C0DD00CE3ADC /* Sources */,
				080449A61C22C0DD00CE3ADC /* Frameworks */,
				080449A71C22C0DD00CE3ADC /* CopyFiles */,
			);
			buildRules = (
			);
			dependencies = (
			);
			name = algorithm_006_zigzagConvert;
			productName = algorithm_006_zigzagConvert;
			productReference = 080449A91C22C0DD00CE3ADC /* algorithm_006_zigzagConvert */;
			productType = "com.apple.product-type.tool";
		};
/* End PBXNativeTarget section */

/* Begin PBXProject section */
		080449A11C22C0DD00CE3ADC /* Project object */ = {
			isa = PBXProject;
			attributes = {
				LastUpgradeCheck = 0710;
				ORGANIZATIONNAME = zhounanguang;
				TargetAttributes = {
					080449A81C22C0DD00CE3ADC = {
						CreatedOnToolsVersion = 7.1.1;
					};
				};
			};
			buildConfigurationList = 080449A41C22C0DD00CE3ADC /* Build configuration list for PBXProject "algorithm_006_zigzagConvert" */;
			compatibilityVersion = "Xcode 3.2";
			developmentRegion = English;
			hasScannedForEncodings = 0;
			knownRegions = (
				en,
			);
			mainGroup = 080449A01C22C0DD00CE3ADC;
			productRefGroup = 080449AA1C22C0DD00CE3ADC /* Products */;
			projectDirPath = "";
			projectRoot = "";
			targets = (
				080449A81C22C0DD00CE3ADC /* algorithm_006_zigzagConvert */,
			);
		};
/* End PBXProject section */

/* Begin PBXSourcesBuildPhase section */
		080449A51C22C0DD00CE3ADC /* Sources */ = {
			isa = PBXSourcesBuildPhase;
			buildActionMask = 2147483647;
			files = (
				080449AD1C22C0DD00CE3ADC /* main.cpp in Sources */,
			);
			runOnlyForDeploymentPostprocessing = 0;
		};
/* End PBXSourcesBuildPhase section */

/* Begin XCBuildConfiguration section */
		080449AE1C22C0DD00CE3ADC /* Debug */ = {
			isa = XCBuildConfiguration;
			buildSettings = {
				ALWAYS_SEARCH_USER_PATHS = NO;
				CLANG_CXX_LANGUAGE_STANDARD = "gnu++0x";
				CLANG_CXX_LIBRARY = "libc++";
				CLANG_ENABLE_MODULES = YES;
				CLANG_ENABLE_OBJC_ARC = YES;
				CLANG_WARN_BOOL_CONVERSION = YES;
				CLANG_WARN_CONSTANT_CONVERSION = YES;
				CLANG_WARN_DIRECT_OBJC_ISA_USAGE = YES_ERROR;
				CLANG_WARN_EMPTY_BODY = YES;
				CLANG_WARN_ENUM_CONVERSION = YES;
				CLANG_WARN_INT_CONVERSION = YES;
				CLANG_WARN_OBJC_ROOT_CLASS = YES_ERROR;
				CLANG_WARN_UNREACHABLE_CODE = YES;
				CLANG_WARN__DUPLICATE_METHOD_MATCH = YES;
				CODE_SIGN_IDENTITY = "-";
				COPY_PHASE_STRIP = NO;
				DEBUG_INFORMATION_FORMAT = dwarf;
				ENABLE_STRICT_OBJC_MSGSEND = YES;
				ENABLE_TESTABILITY = YES;
				GCC_C_LANGUAGE_STANDARD = gnu99;
				GCC_DYNAMIC_NO_PIC = NO;
				GCC_NO_COMMON_BLOCKS = YES;
				GCC_OPTIMIZATION_LEVEL = 0;
				GCC_PREPROCESSOR_DEFINITIONS = (
					"DEBUG=1",
					"$(inherited)",
				);
				GCC_WARN_64_TO_32_BIT_CONVERSION = YES;
				GCC_WARN_ABOUT_RETURN_TYPE = YES_ERROR;
				GCC_WARN_UNDECLARED_SELECTOR = YES;
				GCC_WARN_UNINITIALIZED_AUTOS = YES_AGGRESSIVE;
				GCC_WARN_UNUSED_FUNCTION = YES;
				GCC_WARN_UNUSED_VARIABLE = YES;
				MACOSX_DEPLOYMENT_TARGET = 10.11;
				MTL_ENABLE_DEBUG_INFO = YES;
				ONLY_ACTIVE_ARCH = YES;
				SDKROOT = macosx;
			};
			name = Debug;
		};
		080449AF1C22C0DD00CE3ADC /* Release */ = {
			isa = XCBuildConfiguration;
			buildSettings = {
				ALWAYS_SEARCH_USER_PATHS = NO;
				CLANG_CXX_LANGUAGE_STANDARD = "gnu++0x";
				CLANG_CXX_LIBRARY = "libc++";
				CLANG_ENABLE_MODULES = YES;
				CLANG_ENABLE_OBJC_ARC = YES;
				CLANG_WARN_BOOL_CONVERSION = YES;
				CLANG_WARN_CONSTANT_CONVERSION = YES;
				CLANG_WARN_DIRECT_OBJC_ISA_USAGE = YES_ERROR;
				CLANG_WARN_EMPTY_BODY = YES;
				CLANG_WARN_ENUM_CONVERSION = YES;
				CLANG_WARN_INT_CONVERSION = YES;
				CLANG_WARN_OBJC_ROOT_CLASS = YES_ERROR;
				CLANG_WARN_UNREACHABLE_CODE = YES;
				CLANG_WARN__DUPLICATE_METHOD_MATCH = YES;
				CODE_SIGN_IDENTITY = "-";
				COPY_PHASE_STRIP = NO;
				DEBUG_INFORMATION_FORMAT = "dwarf-with-dsym";
				ENABLE_NS_ASSERTIONS = NO;
				ENABLE_STRICT_OBJC_MSGSEND = YES;
				GCC_C_LANGUAGE_STANDARD = gnu99;
				GCC_NO_COMMON_BLOCKS = YES;
				GCC_WARN_64_TO_32_BIT_CONVERSION = YES;
				GCC_WARN_ABOUT_RETURN_TYPE = YES_ERROR;
				GCC_WARN_UNDECLARED_SELECTOR = YES;
				GCC_WARN_UNINITIALIZED_AUTOS = YES_AGGRESSIVE;
				GCC_WARN_UNUSED_FUNCTION = YES;
				GCC_WARN_UNUSED_VARIABLE = YES;
				MACOSX_DEPLOYMENT_TARGET = 10.11;
				MTL_ENABLE_DEBUG_INFO = NO;
				SDKROOT = macosx;
			};
			name = Release;
		};
		080449B11C22C0DD00CE3ADC /* Debug */ = {
			isa = XCBuildConfiguration;
			buildSettings = {
				PRODUCT_NAME = "$(TARGET_NAME)";
			};
			name = Debug;
		};
		080449B21C22C0DD00CE3ADC /* Release */ = {
			isa = XCBuildConfiguration;
			buildSettings = {
				PRODUCT_NAME = "$(TARGET_NAME)";
			};
			name = Release;
		};
/* End XCBuildConfiguration section */

/* Begin XCConfigurationList section */
		080449A41C22C0DD00CE3ADC /* Build configuration list for PBXProject "algorithm_006_zigzagConvert" */ = {
			isa = XCConfigurationList;
			buildConfigurations = (
				080449AE1C22C0DD00CE3ADC /* Debug */,
				080449AF1C22C0DD00CE3ADC /* Release */,
			);
			defaultConfigurationIsVisible = 0;
			defaultConfigurationName = Release;
		};
		080449B01C22C0DD00CE3ADC /* Build configuration list for PBXNativeTarget "algorithm_006_zigzagConvert" */ = {
			isa = XCConfigurationList;
			buildConfigurations = (
				080449B11C22C0DD00CE3ADC /* Debug */,
				080449B21C22C0DD00CE3ADC /* Release */,
			);
			defaultConfigurationIsVisible = 0;
		};
/* End XCConfigurationList section */
	};
	rootObject = 080449A11C22C0DD00CE3ADC /* Project object */;
}
