// !$*UTF8*$!
{
	archiveVersion = 1;
	classes = {
	};
	objectVersion = 46;
	objects = {

/* Begin PBXBuildFile section */
		0823C8311C51E3DF00406526 /* main.cpp in Sources */ = {isa = PBXBuildFile; fileRef = 0823C8301C51E3DF00406526 /* main.cpp */; };
/* End PBXBuildFile section */

/* Begin PBXCopyFilesBuildPhase section */
		0823C82B1C51E3DF00406526 /* CopyFiles */ = {
			isa = PBXCopyFilesBuildPhase;
			buildActionMask = 2147483647;
			dstPath = /usr/share/man/man1/;
			dstSubfolderSpec = 0;
			files = (
			);
			runOnlyForDeploymentPostprocessing = 1;
		};
/* End PBXCopyFilesBuildPhase section */

/* Begin PBXFileReference section */
		0823C82D1C51E3DF00406526 /* algorithm_032_longestValidParentheses */ = {isa = PBXFileReference; explicitFileType = "compiled.mach-o.executable"; includeInIndex = 0; path = algorithm_032_longestValidParentheses; sourceTree = BUILT_PRODUCTS_DIR; };
		0823C8301C51E3DF00406526 /* main.cpp */ = {isa = PBXFileReference; lastKnownFileType = sourcecode.cpp.cpp; path = main.cpp; sourceTree = "<group>"; };
/* End PBXFileReference section */

/* Begin PBXFrameworksBuildPhase section */
		0823C82A1C51E3DF00406526 /* Frameworks */ = {
			isa = PBXFrameworksBuildPhase;
			buildActionMask = 2147483647;
			files = (
			);
			runOnlyForDeploymentPostprocessing = 0;
		};
/* End PBXFrameworksBuildPhase section */

/* Begin PBXGroup section */
		0823C8241C51E3DF00406526 = {
			isa = PBXGroup;
			children = (
				0823C82F1C51E3DF00406526 /* algorithm_032_longestValidParentheses */,
				0823C82E1C51E3DF00406526 /* Products */,
			);
			sourceTree = "<group>";
		};
		0823C82E1C51E3DF00406526 /* Products */ = {
			isa = PBXGroup;
			children = (
				0823C82D1C51E3DF00406526 /* algorithm_032_longestValidParentheses */,
			);
			name = Products;
			sourceTree = "<group>";
		};
		0823C82F1C51E3DF00406526 /* algorithm_032_longestValidParentheses */ = {
			isa = PBXGroup;
			children = (
				0823C8301C51E3DF00406526 /* main.cpp */,
			);
			path = algorithm_032_longestValidParentheses;
			sourceTree = "<group>";
		};
/* End PBXGroup section */

/* Begin PBXNativeTarget section */
		0823C82C1C51E3DF00406526 /* algorithm_032_longestValidParentheses */ = {
			isa = PBXNativeTarget;
			buildConfigurationList = 0823C8341C51E3DF00406526 /* Build configuration list for PBXNativeTarget "algorithm_032_longestValidParentheses" */;
			buildPhases = (
				0823C8291C51E3DF00406526 /* Sources */,
				0823C82A1C51E3DF00406526 /* Frameworks */,
				0823C82B1C51E3DF00406526 /* CopyFiles */,
			);
			buildRules = (
			);
			dependencies = (
			);
			name = algorithm_032_longestValidParentheses;
			productName = algorithm_032_longestValidParentheses;
			productReference = 0823C82D1C51E3DF00406526 /* algorithm_032_longestValidParentheses */;
			productType = "com.apple.product-type.tool";
		};
/* End PBXNativeTarget section */

/* Begin PBXProject section */
		0823C8251C51E3DF00406526 /* Project object */ = {
			isa = PBXProject;
			attributes = {
				LastUpgradeCheck = 0720;
				ORGANIZATIONNAME = zhounanguang;
				TargetAttributes = {
					0823C82C1C51E3DF00406526 = {
						CreatedOnToolsVersion = 7.2;
					};
				};
			};
			buildConfigurationList = 0823C8281C51E3DF00406526 /* Build configuration list for PBXProject "algorithm_032_longestValidParentheses" */;
			compatibilityVersion = "Xcode 3.2";
			developmentRegion = English;
			hasScannedForEncodings = 0;
			knownRegions = (
				en,
			);
			mainGroup = 0823C8241C51E3DF00406526;
			productRefGroup = 0823C82E1C51E3DF00406526 /* Products */;
			projectDirPath = "";
			projectRoot = "";
			targets = (
				0823C82C1C51E3DF00406526 /* algorithm_032_longestValidParentheses */,
			);
		};
/* End PBXProject section */

/* Begin PBXSourcesBuildPhase section */
		0823C8291C51E3DF00406526 /* Sources */ = {
			isa = PBXSourcesBuildPhase;
			buildActionMask = 2147483647;
			files = (
				0823C8311C51E3DF00406526 /* main.cpp in Sources */,
			);
			runOnlyForDeploymentPostprocessing = 0;
		};
/* End PBXSourcesBuildPhase section */

/* Begin XCBuildConfiguration section */
		0823C8321C51E3DF00406526 /* Debug */ = {
			isa = XCBuildConfiguration;
			buildSettings = {
				ALWAYS_SEARCH_USER_PATHS = NO;
				CLANG_CXX_LANGUAGE_STANDARD = "gnu++0x";
				CLANG_CXX_LIBRARY = "libc++";
				CLANG_ENABLE_MODULES = YES;
				CLANG_ENABLE_OBJC_ARC = YES;
				CLANG_WARN_BOOL_CONVERSION = YES;
				CLANG_WARN_CONSTANT_CONVERSION = YES;
				CLANG_WARN_DIRECT_OBJC_ISA_USAGE = YES_ERROR;
				CLANG_WARN_EMPTY_BODY = YES;
				CLANG_WARN_ENUM_CONVERSION = YES;
				CLANG_WARN_INT_CONVERSION = YES;
				CLANG_WARN_OBJC_ROOT_CLASS = YES_ERROR;
				CLANG_WARN_UNREACHABLE_CODE = YES;
				CLANG_WARN__DUPLICATE_METHOD_MATCH = YES;
				CODE_SIGN_IDENTITY = "-";
				COPY_PHASE_STRIP = NO;
				DEBUG_INFORMATION_FORMAT = dwarf;
				ENABLE_STRICT_OBJC_MSGSEND = YES;
				ENABLE_TESTABILITY = YES;
				GCC_C_LANGUAGE_STANDARD = gnu99;
				GCC_DYNAMIC_NO_PIC = NO;
				GCC_NO_COMMON_BLOCKS = YES;
				GCC_OPTIMIZATION_LEVEL = 0;
				GCC_PREPROCESSOR_DEFINITIONS = (
					"DEBUG=1",
					"$(inherited)",
				);
				GCC_WARN_64_TO_32_BIT_CONVERSION = YES;
				GCC_WARN_ABOUT_RETURN_TYPE = YES_ERROR;
				GCC_WARN_UNDECLARED_SELECTOR = YES;
				GCC_WARN_UNINITIALIZED_AUTOS = YES_AGGRESSIVE;
				GCC_WARN_UNUSED_FUNCTION = YES;
				GCC_WARN_UNUSED_VARIABLE = YES;
				MACOSX_DEPLOYMENT_TARGET = 10.11;
				MTL_ENABLE_DEBUG_INFO = YES;
				ONLY_ACTIVE_ARCH = YES;
				SDKROOT = macosx;
			};
			name = Debug;
		};
		0823C8331C51E3DF00406526 /* Release */ = {
			isa = XCBuildConfiguration;
			buildSettings = {
				ALWAYS_SEARCH_USER_PATHS = NO;
				CLANG_CXX_LANGUAGE_STANDARD = "gnu++0x";
				CLANG_CXX_LIBRARY = "libc++";
				CLANG_ENABLE_MODULES = YES;
				CLANG_ENABLE_OBJC_ARC = YES;
				CLANG_WARN_BOOL_CONVERSION = YES;
				CLANG_WARN_CONSTANT_CONVERSION = YES;
				CLANG_WARN_DIRECT_OBJC_ISA_USAGE = YES_ERROR;
				CLANG_WARN_EMPTY_BODY = YES;
				CLANG_WARN_ENUM_CONVERSION = YES;
				CLANG_WARN_INT_CONVERSION = YES;
				CLANG_WARN_OBJC_ROOT_CLASS = YES_ERROR;
				CLANG_WARN_UNREACHABLE_CODE = YES;
				CLANG_WARN__DUPLICATE_METHOD_MATCH = YES;
				CODE_SIGN_IDENTITY = "-";
				COPY_PHASE_STRIP = NO;
				DEBUG_INFORMATION_FORMAT = "dwarf-with-dsym";
				ENABLE_NS_ASSERTIONS = NO;
				ENABLE_STRICT_OBJC_MSGSEND = YES;
				GCC_C_LANGUAGE_STANDARD = gnu99;
				GCC_NO_COMMON_BLOCKS = YES;
				GCC_WARN_64_TO_32_BIT_CONVERSION = YES;
				GCC_WARN_ABOUT_RETURN_TYPE = YES_ERROR;
				GCC_WARN_UNDECLARED_SELECTOR = YES;
				GCC_WARN_UNINITIALIZED_AUTOS = YES_AGGRESSIVE;
				GCC_WARN_UNUSED_FUNCTION = YES;
				GCC_WARN_UNUSED_VARIABLE = YES;
				MACOSX_DEPLOYMENT_TARGET = 10.11;
				MTL_ENABLE_DEBUG_INFO = NO;
				SDKROOT = macosx;
			};
			name = Release;
		};
		0823C8351C51E3DF00406526 /* Debug */ = {
			isa = XCBuildConfiguration;
			buildSettings = {
				PRODUCT_NAME = "$(TARGET_NAME)";
			};
			name = Debug;
		};
		0823C8361C51E3DF00406526 /* Release */ = {
			isa = XCBuildConfiguration;
			buildSettings = {
				PRODUCT_NAME = "$(TARGET_NAME)";
			};
			name = Release;
		};
/* End XCBuildConfiguration section */

/* Begin XCConfigurationList section */
		0823C8281C51E3DF00406526 /* Build configuration list for PBXProject "algorithm_032_longestValidParentheses" */ = {
			isa = XCConfigurationList;
			buildConfigurations = (
				0823C8321C51E3DF00406526 /* Debug */,
				0823C8331C51E3DF00406526 /* Release */,
			);
			defaultConfigurationIsVisible = 0;
			defaultConfigurationName = Release;
		};
		0823C8341C51E3DF00406526 /* Build configuration list for PBXNativeTarget "algorithm_032_longestValidParentheses" */ = {
			isa = XCConfigurationList;
			buildConfigurations = (
				0823C8351C51E3DF00406526 /* Debug */,
				0823C8361C51E3DF00406526 /* Release */,
			);
			defaultConfigurationIsVisible = 0;
		};
/* End XCConfigurationList section */
	};
	rootObject = 0823C8251C51E3DF00406526 /* Project object */;
}
